
Microsoft Visual Studio Solution File, Format Version 12.00
# Visual Studio 2013
VisualStudioVersion = 12.0.21005.1
MinimumVisualStudioVersion = 10.0.40219.1
Project("{FAE04EC0-301F-11D3-BF4B-00C04F79EFBC}") = "MvvmCore", "MvvmCore.csproj", "{DEA4AE14-68FE-4774-8281-A397E6492EE2}"
EndProject
Project("{FAE04EC0-301F-11D3-BF4B-00C04F79EFBC}") = "TestApp", "..\TestApp\TestApp.csproj", "{CCF80E0A-906C-4FFE-88CE-846E9B543BB3}"
EndProject
Global
	GlobalSection(SolutionConfigurationPlatforms) = preSolution
		Debug|Any CPU = Debug|Any CPU
		Release|Any CPU = Release|Any CPU
	EndGlobalSection
	GlobalSection(ProjectConfigurationPlatforms) = postSolution
		{DEA4AE14-68FE-4774-8281-A397E6492EE2}.Debug|Any CPU.ActiveCfg = Debug|Any CPU
		{DEA4AE14-68FE-4774-8281-A397E6492EE2}.Debug|Any CPU.Build.0 = Debug|Any CPU
		{DEA4AE14-68FE-4774-8281-A397E6492EE2}.Release|Any CPU.ActiveCfg = Release|Any CPU
		{DEA4AE14-68FE-4774-8281-A397E6492EE2}.Release|Any CPU.Build.0 = Release|Any CPU
		{CCF80E0A-906C-4FFE-88CE-846E9B543BB3}.Debug|Any CPU.ActiveCfg = Debug|Any CPU
		{CCF80E0A-906C-4FFE-88CE-846E9B543BB3}.Debug|Any CPU.Build.0 = Debug|Any CPU
		{CCF80E0A-906C-4FFE-88CE-846E9B543BB3}.Release|Any CPU.ActiveCfg = Release|Any CPU
		{CCF80E0A-906C-4FFE-88CE-846E9B543BB3}.Release|Any CPU.Build.0 = Release|Any CPU
	EndGlobalSection
	GlobalSection(SolutionProperties) = preSolution
		HideSolutionNode = FALSE
	EndGlobalSection
EndGlobal
